
Microsoft Visual Studio Solution File, Format Version 12.00
# Visual Studio Version 16
VisualStudioVersion = 16.0.29911.84
MinimumVisualStudioVersion = 10.0.40219.1
Project("{FAE04EC0-301F-11D3-BF4B-00C04F79EFBC}") = "List-Test", "List-Test.csproj", "{EA22DA8D-9752-4636-A3F4-3E925FAA9B09}"
EndProject
Global
	GlobalSection(SolutionConfigurationPlatforms) = preSolution
		Debug|Any CPU = Debug|Any CPU
		Release|Any CPU = Release|Any CPU
	EndGlobalSection
	GlobalSection(ProjectConfigurationPlatforms) = postSolution
		{EA22DA8D-9752-4636-A3F4-3E925FAA9B09}.Debug|Any CPU.ActiveCfg = Debug|Any CPU
		{EA22DA8D-9752-4636-A3F4-3E925FAA9B09}.Debug|Any CPU.Build.0 = Debug|Any CPU
		{EA22DA8D-9752-4636-A3F4-3E925FAA9B09}.Release|Any CPU.ActiveCfg = Release|Any CPU
		{EA22DA8D-9752-4636-A3F4-3E925FAA9B09}.Release|Any CPU.Build.0 = Release|Any CPU
	EndGlobalSection
	GlobalSection(SolutionProperties) = preSolution
		HideSolutionNode = FALSE
	EndGlobalSection
	GlobalSection(ExtensibilityGlobals) = postSolution
		SolutionGuid = {904D106D-56CC-4284-9A5F-761623B45470}
	EndGlobalSection
EndGlobal
